
Microsoft Visual Studio Solution File, Format Version 12.00
# Visual Studio Version 17
VisualStudioVersion = 17.5.33424.131
MinimumVisualStudioVersion = 10.0.40219.1
Project("{FAE04EC0-301F-11D3-BF4B-00C04F79EFBC}") = "Library.WebUI", "Library.WebUI\Library.WebUI.csproj", "{74F85233-8773-45AA-ACCD-FA68B2086B29}"
EndProject
Project("{FAE04EC0-301F-11D3-BF4B-00C04F79EFBC}") = "Library.Domain", "Library.Domain\Library.Domain.csproj", "{B179DC7B-E083-42E0-A298-68CFC98198E2}"
EndProject
Project("{FAE04EC0-301F-11D3-BF4B-00C04F79EFBC}") = "Library.Application", "Library.Application\Library.Application.csproj", "{DEA6E7D6-293B-4065-9F41-83DFAA5C80BB}"
EndProject
Project("{FAE04EC0-301F-11D3-BF4B-00C04F79EFBC}") = "Library.Infrastructure", "Library.Infrastructure\Library.Infrastructure.csproj", "{88C8493F-3E3E-4937-9F28-3FB7A0497216}"
EndProject
Global
	GlobalSection(SolutionConfigurationPlatforms) = preSolution
		Debug|Any CPU = Debug|Any CPU
		Release|Any CPU = Release|Any CPU
	EndGlobalSection
	GlobalSection(ProjectConfigurationPlatforms) = postSolution
		{74F85233-8773-45AA-ACCD-FA68B2086B29}.Debug|Any CPU.ActiveCfg = Debug|Any CPU
		{74F85233-8773-45AA-ACCD-FA68B2086B29}.Debug|Any CPU.Build.0 = Debug|Any CPU
		{74F85233-8773-45AA-ACCD-FA68B2086B29}.Release|Any CPU.ActiveCfg = Release|Any CPU
		{74F85233-8773-45AA-ACCD-FA68B2086B29}.Release|Any CPU.Build.0 = Release|Any CPU
		{B179DC7B-E083-42E0-A298-68CFC98198E2}.Debug|Any CPU.ActiveCfg = Debug|Any CPU
		{B179DC7B-E083-42E0-A298-68CFC98198E2}.Debug|Any CPU.Build.0 = Debug|Any CPU
		{B179DC7B-E083-42E0-A298-68CFC98198E2}.Release|Any CPU.ActiveCfg = Release|Any CPU
		{B179DC7B-E083-42E0-A298-68CFC98198E2}.Release|Any CPU.Build.0 = Release|Any CPU
		{DEA6E7D6-293B-4065-9F41-83DFAA5C80BB}.Debug|Any CPU.ActiveCfg = Debug|Any CPU
		{DEA6E7D6-293B-4065-9F41-83DFAA5C80BB}.Debug|Any CPU.Build.0 = Debug|Any CPU
		{DEA6E7D6-293B-4065-9F41-83DFAA5C80BB}.Release|Any CPU.ActiveCfg = Release|Any CPU
		{DEA6E7D6-293B-4065-9F41-83DFAA5C80BB}.Release|Any CPU.Build.0 = Release|Any CPU
		{88C8493F-3E3E-4937-9F28-3FB7A0497216}.Debug|Any CPU.ActiveCfg = Debug|Any CPU
		{88C8493F-3E3E-4937-9F28-3FB7A0497216}.Debug|Any CPU.Build.0 = Debug|Any CPU
		{88C8493F-3E3E-4937-9F28-3FB7A0497216}.Release|Any CPU.ActiveCfg = Release|Any CPU
		{88C8493F-3E3E-4937-9F28-3FB7A0497216}.Release|Any CPU.Build.0 = Release|Any CPU
	EndGlobalSection
	GlobalSection(SolutionProperties) = preSolution
		HideSolutionNode = FALSE
	EndGlobalSection
	GlobalSection(ExtensibilityGlobals) = postSolution
		SolutionGuid = {8CF94DA5-5386-45FC-9C34-EFA1BEC76F9D}
	EndGlobalSection
EndGlobal
